// !$*UTF8*$!
{
	archiveVersion = 1;
	classes = {
	};
	objectVersion = 50;
	objects = {

/* Begin PBXBuildFile section */
		CD1E38CA28082A12003FE7F4 /* AppDelegate.m in Sources */ = {isa = PBXBuildFile; fileRef = CD1E38C928082A12003FE7F4 /* AppDelegate.m */; };
		CD1E38CC28082A13003FE7F4 /* Assets.xcassets in Resources */ = {isa = PBXBuildFile; fileRef = CD1E38CB28082A13003FE7F4 /* Assets.xcassets */; };
		CD1E38CF28082A13003FE7F4 /* MainMenu.xib in Resources */ = {isa = PBXBuildFile; fileRef = CD1E38CD28082A13003FE7F4 /* MainMenu.xib */; };
		CD1E38D228082A13003FE7F4 /* main.m in Sources */ = {isa = PBXBuildFile; fileRef = CD1E38D128082A13003FE7F4 /* main.m */; };
		CD1E38DD28082A13003FE7F4 /* XcodeExtensionSampleTests.m in Sources */ = {isa = PBXBuildFile; fileRef = CD1E38DC28082A13003FE7F4 /* XcodeExtensionSampleTests.m */; };
		CD1E38E828082A13003FE7F4 /* XcodeExtensionSampleUITests.m in Sources */ = {isa = PBXBuildFile; fileRef = CD1E38E728082A13003FE7F4 /* XcodeExtensionSampleUITests.m */; };
		CD1E38FC28082A26003FE7F4 /* Cocoa.framework in Frameworks */ = {isa = PBXBuildFile; fileRef = CD1E38FB28082A26003FE7F4 /* Cocoa.framework */; };
		CD1E38FE28082A26003FE7F4 /* XcodeKit.framework in Frameworks */ = {isa = PBXBuildFile; fileRef = CD1E38FD28082A26003FE7F4 /* XcodeKit.framework */; };
		CD1E390228082A26003FE7F4 /* SourceEditorExtension.m in Sources */ = {isa = PBXBuildFile; fileRef = CD1E390128082A26003FE7F4 /* SourceEditorExtension.m */; };
		CD1E390528082A26003FE7F4 /* SourceEditorCommand.m in Sources */ = {isa = PBXBuildFile; fileRef = CD1E390428082A26003FE7F4 /* SourceEditorCommand.m */; };
		CD1E390A28082A26003FE7F4 /* Extension.appex in Embed App Extensions */ = {isa = PBXBuildFile; fileRef = CD1E38F928082A26003FE7F4 /* Extension.appex */; settings = {ATTRIBUTES = (RemoveHeadersOnCopy, ); }; };
		CD1E391028082A31003FE7F4 /* XcodeKit.framework in Frameworks */ = {isa = PBXBuildFile; fileRef = CD1E390F28082A31003FE7F4 /* XcodeKit.framework */; };
		CD1E391128082A31003FE7F4 /* XcodeKit.framework in Embed Frameworks */ = {isa = PBXBuildFile; fileRef = CD1E390F28082A31003FE7F4 /* XcodeKit.framework */; settings = {ATTRIBUTES = (CodeSignOnCopy, RemoveHeadersOnCopy, ); }; };
/* End PBXBuildFile section */

/* Begin PBXContainerItemProxy section */
		CD1E38D928082A13003FE7F4 /* PBXContainerItemProxy */ = {
			isa = PBXContainerItemProxy;
			containerPortal = CD1E38BD28082A12003FE7F4 /* Project object */;
			proxyType = 1;
			remoteGlobalIDString = CD1E38C428082A12003FE7F4;
			remoteInfo = XcodeExtensionSample;
		};
		CD1E38E428082A13003FE7F4 /* PBXContainerItemProxy */ = {
			isa = PBXContainerItemProxy;
			containerPortal = CD1E38BD28082A12003FE7F4 /* Project object */;
			proxyType = 1;
			remoteGlobalIDString = CD1E38C428082A12003FE7F4;
			remoteInfo = XcodeExtensionSample;
		};
		CD1E390828082A26003FE7F4 /* PBXContainerItemProxy */ = {
			isa = PBXContainerItemProxy;
			containerPortal = CD1E38BD28082A12003FE7F4 /* Project object */;
			proxyType = 1;
			remoteGlobalIDString = CD1E38F828082A26003FE7F4;
			remoteInfo = Extension;
		};
/* End PBXContainerItemProxy section */

/* Begin PBXCopyFilesBuildPhase section */
		CD1E390E28082A26003FE7F4 /* Embed App Extensions */ = {
			isa = PBXCopyFilesBuildPhase;
			buildActionMask = 2147483647;
			dstPath = "";
			dstSubfolderSpec = 13;
			files = (
				CD1E390A28082A26003FE7F4 /* Extension.appex in Embed App Extensions */,
			);
			name = "Embed App Extensions";
			runOnlyForDeploymentPostprocessing = 0;
		};
		CD1E391228082A31003FE7F4 /* Embed Frameworks */ = {
			isa = PBXCopyFilesBuildPhase;
			buildActionMask = 2147483647;
			dstPath = "";
			dstSubfolderSpec = 10;
			files = (
				CD1E391128082A31003FE7F4 /* XcodeKit.framework in Embed Frameworks */,
			);
			name = "Embed Frameworks";
			runOnlyForDeploymentPostprocessing = 0;
		};
/* End PBXCopyFilesBuildPhase section */

/* Begin PBXFileReference section */
		CD1E38C528082A12003FE7F4 /* XcodeExtensionSample.app */ = {isa = PBXFileReference; explicitFileType = wrapper.application; includeInIndex = 0; path = XcodeExtensionSample.app; sourceTree = BUILT_PRODUCTS_DIR; };
		CD1E38C828082A12003FE7F4 /* AppDelegate.h */ = {isa = PBXFileReference; lastKnownFileType = sourcecode.c.h; path = AppDelegate.h; sourceTree = "<group>"; };
		CD1E38C928082A12003FE7F4 /* AppDelegate.m */ = {isa = PBXFileReference; lastKnownFileType = sourcecode.c.objc; path = AppDelegate.m; sourceTree = "<group>"; };
		CD1E38CB28082A13003FE7F4 /* Assets.xcassets */ = {isa = PBXFileReference; lastKnownFileType = folder.assetcatalog; path = Assets.xcassets; sourceTree = "<group>"; };
		CD1E38CE28082A13003FE7F4 /* Base */ = {isa = PBXFileReference; lastKnownFileType = file.xib; name = Base; path = Base.lproj/MainMenu.xib; sourceTree = "<group>"; };
		CD1E38D028082A13003FE7F4 /* Info.plist */ = {isa = PBXFileReference; lastKnownFileType = text.plist.xml; path = Info.plist; sourceTree = "<group>"; };
		CD1E38D128082A13003FE7F4 /* main.m */ = {isa = PBXFileReference; lastKnownFileType = sourcecode.c.objc; path = main.m; sourceTree = "<group>"; };
		CD1E38D328082A13003FE7F4 /* XcodeExtensionSample.entitlements */ = {isa = PBXFileReference; lastKnownFileType = text.plist.entitlements; path = XcodeExtensionSample.entitlements; sourceTree = "<group>"; };
		CD1E38D828082A13003FE7F4 /* XcodeExtensionSampleTests.xctest */ = {isa = PBXFileReference; explicitFileType = wrapper.cfbundle; includeInIndex = 0; path = XcodeExtensionSampleTests.xctest; sourceTree = BUILT_PRODUCTS_DIR; };
		CD1E38DC28082A13003FE7F4 /* XcodeExtensionSampleTests.m */ = {isa = PBXFileReference; lastKnownFileType = sourcecode.c.objc; path = XcodeExtensionSampleTests.m; sourceTree = "<group>"; };
		CD1E38DE28082A13003FE7F4 /* Info.plist */ = {isa = PBXFileReference; lastKnownFileType = text.plist.xml; path = Info.plist; sourceTree = "<group>"; };
		CD1E38E328082A13003FE7F4 /* XcodeExtensionSampleUITests.xctest */ = {isa = PBXFileReference; explicitFileType = wrapper.cfbundle; includeInIndex = 0; path = XcodeExtensionSampleUITests.xctest; sourceTree = BUILT_PRODUCTS_DIR; };
		CD1E38E728082A13003FE7F4 /* XcodeExtensionSampleUITests.m */ = {isa = PBXFileReference; lastKnownFileType = sourcecode.c.objc; path = XcodeExtensionSampleUITests.m; sourceTree = "<group>"; };
		CD1E38E928082A13003FE7F4 /* Info.plist */ = {isa = PBXFileReference; lastKnownFileType = text.plist.xml; path = Info.plist; sourceTree = "<group>"; };
		CD1E38F928082A26003FE7F4 /* Extension.appex */ = {isa = PBXFileReference; explicitFileType = "wrapper.app-extension"; includeInIndex = 0; path = Extension.appex; sourceTree = BUILT_PRODUCTS_DIR; };
		CD1E38FB28082A26003FE7F4 /* Cocoa.framework */ = {isa = PBXFileReference; lastKnownFileType = wrapper.framework; name = Cocoa.framework; path = System/Library/Frameworks/Cocoa.framework; sourceTree = SDKROOT; };
		CD1E38FD28082A26003FE7F4 /* XcodeKit.framework */ = {isa = PBXFileReference; lastKnownFileType = wrapper.framework; name = XcodeKit.framework; path = Library/Frameworks/XcodeKit.framework; sourceTree = DEVELOPER_DIR; };
		CD1E390028082A26003FE7F4 /* SourceEditorExtension.h */ = {isa = PBXFileReference; lastKnownFileType = sourcecode.c.h; path = SourceEditorExtension.h; sourceTree = "<group>"; };
		CD1E390128082A26003FE7F4 /* SourceEditorExtension.m */ = {isa = PBXFileReference; lastKnownFileType = sourcecode.c.objc; path = SourceEditorExtension.m; sourceTree = "<group>"; };
		CD1E390328082A26003FE7F4 /* SourceEditorCommand.h */ = {isa = PBXFileReference; lastKnownFileType = sourcecode.c.h; path = SourceEditorCommand.h; sourceTree = "<group>"; };
		CD1E390428082A26003FE7F4 /* SourceEditorCommand.m */ = {isa = PBXFileReference; lastKnownFileType = sourcecode.c.objc; path = SourceEditorCommand.m; sourceTree = "<group>"; wrapsLines = 0; };
		CD1E390628082A26003FE7F4 /* Info.plist */ = {isa = PBXFileReference; lastKnownFileType = text.plist.xml; path = Info.plist; sourceTree = "<group>"; };
		CD1E390728082A26003FE7F4 /* Extension.entitlements */ = {isa = PBXFileReference; lastKnownFileType = text.plist.entitlements; path = Extension.entitlements; sourceTree = "<group>"; };
		CD1E390F28082A31003FE7F4 /* XcodeKit.framework */ = {isa = PBXFileReference; lastKnownFileType = wrapper.framework; name = XcodeKit.framework; path = Library/Frameworks/XcodeKit.framework; sourceTree = DEVELOPER_DIR; };
/* End PBXFileReference section */

/* Begin PBXFrameworksBuildPhase section */
		CD1E38C228082A12003FE7F4 /* Frameworks */ = {
			isa = PBXFrameworksBuildPhase;
			buildActionMask = 2147483647;
			files = (
			);
			runOnlyForDeploymentPostprocessing = 0;
		};
		CD1E38D528082A13003FE7F4 /* Frameworks */ = {
			isa = PBXFrameworksBuildPhase;
			buildActionMask = 2147483647;
			files = (
			);
			runOnlyForDeploymentPostprocessing = 0;
		};
		CD1E38E028082A13003FE7F4 /* Frameworks */ = {
			isa = PBXFrameworksBuildPhase;
			buildActionMask = 2147483647;
			files = (
			);
			runOnlyForDeploymentPostprocessing = 0;
		};
		CD1E38F628082A26003FE7F4 /* Frameworks */ = {
			isa = PBXFrameworksBuildPhase;
			buildActionMask = 2147483647;
			files = (
				CD1E391028082A31003FE7F4 /* XcodeKit.framework in Frameworks */,
				CD1E38FC28082A26003FE7F4 /* Cocoa.framework in Frameworks */,
				CD1E38FE28082A26003FE7F4 /* XcodeKit.framework in Frameworks */,
			);
			runOnlyForDeploymentPostprocessing = 0;
		};
/* End PBXFrameworksBuildPhase section */

/* Begin PBXGroup section */
		CD1E38BC28082A12003FE7F4 = {
			isa = PBXGroup;
			children = (
				CD1E38C728082A12003FE7F4 /* XcodeExtensionSample */,
				CD1E38DB28082A13003FE7F4 /* XcodeExtensionSampleTests */,
				CD1E38E628082A13003FE7F4 /* XcodeExtensionSampleUITests */,
				CD1E38FF28082A26003FE7F4 /* Extension */,
				CD1E38FA28082A26003FE7F4 /* Frameworks */,
				CD1E38C628082A12003FE7F4 /* Products */,
			);
			sourceTree = "<group>";
		};
		CD1E38C628082A12003FE7F4 /* Products */ = {
			isa = PBXGroup;
			children = (
				CD1E38C528082A12003FE7F4 /* XcodeExtensionSample.app */,
				CD1E38D828082A13003FE7F4 /* XcodeExtensionSampleTests.xctest */,
				CD1E38E328082A13003FE7F4 /* XcodeExtensionSampleUITests.xctest */,
				CD1E38F928082A26003FE7F4 /* Extension.appex */,
			);
			name = Products;
			sourceTree = "<group>";
		};
		CD1E38C728082A12003FE7F4 /* XcodeExtensionSample */ = {
			isa = PBXGroup;
			children = (
				CD1E38C828082A12003FE7F4 /* AppDelegate.h */,
				CD1E38C928082A12003FE7F4 /* AppDelegate.m */,
				CD1E38CB28082A13003FE7F4 /* Assets.xcassets */,
				CD1E38CD28082A13003FE7F4 /* MainMenu.xib */,
				CD1E38D028082A13003FE7F4 /* Info.plist */,
				CD1E38D128082A13003FE7F4 /* main.m */,
				CD1E38D328082A13003FE7F4 /* XcodeExtensionSample.entitlements */,
			);
			path = XcodeExtensionSample;
			sourceTree = "<group>";
		};
		CD1E38DB28082A13003FE7F4 /* XcodeExtensionSampleTests */ = {
			isa = PBXGroup;
			children = (
				CD1E38DC28082A13003FE7F4 /* XcodeExtensionSampleTests.m */,
				CD1E38DE28082A13003FE7F4 /* Info.plist */,
			);
			path = XcodeExtensionSampleTests;
			sourceTree = "<group>";
		};
		CD1E38E628082A13003FE7F4 /* XcodeExtensionSampleUITests */ = {
			isa = PBXGroup;
			children = (
				CD1E38E728082A13003FE7F4 /* XcodeExtensionSampleUITests.m */,
				CD1E38E928082A13003FE7F4 /* Info.plist */,
			);
			path = XcodeExtensionSampleUITests;
			sourceTree = "<group>";
		};
		CD1E38FA28082A26003FE7F4 /* Frameworks */ = {
			isa = PBXGroup;
			children = (
				CD1E390F28082A31003FE7F4 /* XcodeKit.framework */,
				CD1E38FB28082A26003FE7F4 /* Cocoa.framework */,
				CD1E38FD28082A26003FE7F4 /* XcodeKit.framework */,
			);
			name = Frameworks;
			sourceTree = "<group>";
		};
		CD1E38FF28082A26003FE7F4 /* Extension */ = {
			isa = PBXGroup;
			children = (
				CD1E390028082A26003FE7F4 /* SourceEditorExtension.h */,
				CD1E390128082A26003FE7F4 /* SourceEditorExtension.m */,
				CD1E390328082A26003FE7F4 /* SourceEditorCommand.h */,
				CD1E390428082A26003FE7F4 /* SourceEditorCommand.m */,
				CD1E390628082A26003FE7F4 /* Info.plist */,
				CD1E390728082A26003FE7F4 /* Extension.entitlements */,
			);
			path = Extension;
			sourceTree = "<group>";
		};
/* End PBXGroup section */

/* Begin PBXNativeTarget section */
		CD1E38C428082A12003FE7F4 /* XcodeExtensionSample */ = {
			isa = PBXNativeTarget;
			buildConfigurationList = CD1E38EC28082A13003FE7F4 /* Build configuration list for PBXNativeTarget "XcodeExtensionSample" */;
			buildPhases = (
				CD1E38C128082A12003FE7F4 /* Sources */,
				CD1E38C228082A12003FE7F4 /* Frameworks */,
				CD1E38C328082A12003FE7F4 /* Resources */,
				CD1E390E28082A26003FE7F4 /* Embed App Extensions */,
			);
			buildRules = (
			);
			dependencies = (
				CD1E390928082A26003FE7F4 /* PBXTargetDependency */,
			);
			name = XcodeExtensionSample;
			productName = XcodeExtensionSample;
			productReference = CD1E38C528082A12003FE7F4 /* XcodeExtensionSample.app */;
			productType = "com.apple.product-type.application";
		};
		CD1E38D728082A13003FE7F4 /* XcodeExtensionSampleTests */ = {
			isa = PBXNativeTarget;
			buildConfigurationList = CD1E38EF28082A13003FE7F4 /* Build configuration list for PBXNativeTarget "XcodeExtensionSampleTests" */;
			buildPhases = (
				CD1E38D428082A13003FE7F4 /* Sources */,
				CD1E38D528082A13003FE7F4 /* Frameworks */,
				CD1E38D628082A13003FE7F4 /* Resources */,
			);
			buildRules = (
			);
			dependencies = (
				CD1E38DA28082A13003FE7F4 /* PBXTargetDependency */,
			);
			name = XcodeExtensionSampleTests;
			productName = XcodeExtensionSampleTests;
			productReference = CD1E38D828082A13003FE7F4 /* XcodeExtensionSampleTests.xctest */;
			productType = "com.apple.product-type.bundle.unit-test";
		};
		CD1E38E228082A13003FE7F4 /* XcodeExtensionSampleUITests */ = {
			isa = PBXNativeTarget;
			buildConfigurationList = CD1E38F228082A13003FE7F4 /* Build configuration list for PBXNativeTarget "XcodeExtensionSampleUITests" */;
			buildPhases = (
				CD1E38DF28082A13003FE7F4 /* Sources */,
				CD1E38E028082A13003FE7F4 /* Frameworks */,
				CD1E38E128082A13003FE7F4 /* Resources */,
			);
			buildRules = (
			);
			dependencies = (
				CD1E38E528082A13003FE7F4 /* PBXTargetDependency */,
			);
			name = XcodeExtensionSampleUITests;
			productName = XcodeExtensionSampleUITests;
			productReference = CD1E38E328082A13003FE7F4 /* XcodeExtensionSampleUITests.xctest */;
			productType = "com.apple.product-type.bundle.ui-testing";
		};
		CD1E38F828082A26003FE7F4 /* Extension */ = {
			isa = PBXNativeTarget;
			buildConfigurationList = CD1E390B28082A26003FE7F4 /* Build configuration list for PBXNativeTarget "Extension" */;
			buildPhases = (
				CD1E38F528082A26003FE7F4 /* Sources */,
				CD1E38F628082A26003FE7F4 /* Frameworks */,
				CD1E38F728082A26003FE7F4 /* Resources */,
				CD1E391228082A31003FE7F4 /* Embed Frameworks */,
			);
			buildRules = (
			);
			dependencies = (
			);
			name = Extension;
			productName = Extension;
			productReference = CD1E38F928082A26003FE7F4 /* Extension.appex */;
			productType = "com.apple.product-type.xcode-extension";
		};
/* End PBXNativeTarget section */

/* Begin PBXProject section */
		CD1E38BD28082A12003FE7F4 /* Project object */ = {
			isa = PBXProject;
			attributes = {
				LastUpgradeCheck = 1250;
				TargetAttributes = {
					CD1E38C428082A12003FE7F4 = {
						CreatedOnToolsVersion = 12.5.1;
					};
					CD1E38D728082A13003FE7F4 = {
						CreatedOnToolsVersion = 12.5.1;
						TestTargetID = CD1E38C428082A12003FE7F4;
					};
					CD1E38E228082A13003FE7F4 = {
						CreatedOnToolsVersion = 12.5.1;
						TestTargetID = CD1E38C428082A12003FE7F4;
					};
					CD1E38F828082A26003FE7F4 = {
						CreatedOnToolsVersion = 12.5.1;
					};
				};
			};
			buildConfigurationList = CD1E38C028082A12003FE7F4 /* Build configuration list for PBXProject "XcodeExtensionSample" */;
			compatibilityVersion = "Xcode 9.3";
			developmentRegion = en;
			hasScannedForEncodings = 0;
			knownRegions = (
				en,
				Base,
			);
			mainGroup = CD1E38BC28082A12003FE7F4;
			productRefGroup = CD1E38C628082A12003FE7F4 /* Products */;
			projectDirPath = "";
			projectRoot = "";
			targets = (
				CD1E38C428082A12003FE7F4 /* XcodeExtensionSample */,
				CD1E38D728082A13003FE7F4 /* XcodeExtensionSampleTests */,
				CD1E38E228082A13003FE7F4 /* XcodeExtensionSampleUITests */,
				CD1E38F828082A26003FE7F4 /* Extension */,
			);
		};
/* End PBXProject section */

/* Begin PBXResourcesBuildPhase section */
		CD1E38C328082A12003FE7F4 /* Resources */ = {
			isa = PBXResourcesBuildPhase;
			buildActionMask = 2147483647;
			files = (
				CD1E38CC28082A13003FE7F4 /* Assets.xcassets in Resources */,
				CD1E38CF28082A13003FE7F4 /* MainMenu.xib in Resources */,
			);
			runOnlyForDeploymentPostprocessing = 0;
		};
		CD1E38D628082A13003FE7F4 /* Resources */ = {
			isa = PBXResourcesBuildPhase;
			buildActionMask = 2147483647;
			files = (
			);
			runOnlyForDeploymentPostprocessing = 0;
		};
		CD1E38E128082A13003FE7F4 /* Resources */ = {
			isa = PBXResourcesBuildPhase;
			buildActionMask = 2147483647;
			files = (
			);
			runOnlyForDeploymentPostprocessing = 0;
		};
		CD1E38F728082A26003FE7F4 /* Resources */ = {
			isa = PBXResourcesBuildPhase;
			buildActionMask = 2147483647;
			files = (
			);
			runOnlyForDeploymentPostprocessing = 0;
		};
/* End PBXResourcesBuildPhase section */

/* Begin PBXSourcesBuildPhase section */
		CD1E38C128082A12003FE7F4 /* Sources */ = {
			isa = PBXSourcesBuildPhase;
			buildActionMask = 2147483647;
			files = (
				CD1E38D228082A13003FE7F4 /* main.m in Sources */,
				CD1E38CA28082A12003FE7F4 /* AppDelegate.m in Sources */,
			);
			runOnlyForDeploymentPostprocessing = 0;
		};
		CD1E38D428082A13003FE7F4 /* Sources */ = {
			isa = PBXSourcesBuildPhase;
			buildActionMask = 2147483647;
			files = (
				CD1E38DD28082A13003FE7F4 /* XcodeExtensionSampleTests.m in Sources */,
			);
			runOnlyForDeploymentPostprocessing = 0;
		};
		CD1E38DF28082A13003FE7F4 /* Sources */ = {
			isa = PBXSourcesBuildPhase;
			buildActionMask = 2147483647;
			files = (
				CD1E38E828082A13003FE7F4 /* XcodeExtensionSampleUITests.m in Sources */,
			);
			runOnlyForDeploymentPostprocessing = 0;
		};
		CD1E38F528082A26003FE7F4 /* Sources */ = {
			isa = PBXSourcesBuildPhase;
			buildActionMask = 2147483647;
			files = (
				CD1E390228082A26003FE7F4 /* SourceEditorExtension.m in Sources */,
				CD1E390528082A26003FE7F4 /* SourceEditorCommand.m in Sources */,
			);
			runOnlyForDeploymentPostprocessing = 0;
		};
/* End PBXSourcesBuildPhase section */

/* Begin PBXTargetDependency section */
		CD1E38DA28082A13003FE7F4 /* PBXTargetDependency */ = {
			isa = PBXTargetDependency;
			target = CD1E38C428082A12003FE7F4 /* XcodeExtensionSample */;
			targetProxy = CD1E38D928082A13003FE7F4 /* PBXContainerItemProxy */;
		};
		CD1E38E528082A13003FE7F4 /* PBXTargetDependency */ = {
			isa = PBXTargetDependency;
			target = CD1E38C428082A12003FE7F4 /* XcodeExtensionSample */;
			targetProxy = CD1E38E428082A13003FE7F4 /* PBXContainerItemProxy */;
		};
		CD1E390928082A26003FE7F4 /* PBXTargetDependency */ = {
			isa = PBXTargetDependency;
			target = CD1E38F828082A26003FE7F4 /* Extension */;
			targetProxy = CD1E390828082A26003FE7F4 /* PBXContainerItemProxy */;
		};
/* End PBXTargetDependency section */

/* Begin PBXVariantGroup section */
		CD1E38CD28082A13003FE7F4 /* MainMenu.xib */ = {
			isa = PBXVariantGroup;
			children = (
				CD1E38CE28082A13003FE7F4 /* Base */,
			);
			name = MainMenu.xib;
			sourceTree = "<group>";
		};
/* End PBXVariantGroup section */

/* Begin XCBuildConfiguration section */
		CD1E38EA28082A13003FE7F4 /* Debug */ = {
			isa = XCBuildConfiguration;
			buildSettings = {
				ALWAYS_SEARCH_USER_PATHS = NO;
				CLANG_ANALYZER_NONNULL = YES;
				CLANG_ANALYZER_NUMBER_OBJECT_CONVERSION = YES_AGGRESSIVE;
				CLANG_CXX_LANGUAGE_STANDARD = "gnu++14";
				CLANG_CXX_LIBRARY = "libc++";
				CLANG_ENABLE_MODULES = YES;
				CLANG_ENABLE_OBJC_ARC = YES;
				CLANG_ENABLE_OBJC_WEAK = YES;
				CLANG_WARN_BLOCK_CAPTURE_AUTORELEASING = YES;
				CLANG_WARN_BOOL_CONVERSION = YES;
				CLANG_WARN_COMMA = YES;
				CLANG_WARN_CONSTANT_CONVERSION = YES;
				CLANG_WARN_DEPRECATED_OBJC_IMPLEMENTATIONS = YES;
				CLANG_WARN_DIRECT_OBJC_ISA_USAGE = YES_ERROR;
				CLANG_WARN_DOCUMENTATION_COMMENTS = YES;
				CLANG_WARN_EMPTY_BODY = YES;
				CLANG_WARN_ENUM_CONVERSION = YES;
				CLANG_WARN_INFINITE_RECURSION = YES;
				CLANG_WARN_INT_CONVERSION = YES;
				CLANG_WARN_NON_LITERAL_NULL_CONVERSION = YES;
				CLANG_WARN_OBJC_IMPLICIT_RETAIN_SELF = YES;
				CLANG_WARN_OBJC_LITERAL_CONVERSION = YES;
				CLANG_WARN_OBJC_ROOT_CLASS = YES_ERROR;
				CLANG_WARN_QUOTED_INCLUDE_IN_FRAMEWORK_HEADER = YES;
				CLANG_WARN_RANGE_LOOP_ANALYSIS = YES;
				CLANG_WARN_STRICT_PROTOTYPES = YES;
				CLANG_WARN_SUSPICIOUS_MOVE = YES;
				CLANG_WARN_UNGUARDED_AVAILABILITY = YES_AGGRESSIVE;
				CLANG_WARN_UNREACHABLE_CODE = YES;
				CLANG_WARN__DUPLICATE_METHOD_MATCH = YES;
				COPY_PHASE_STRIP = NO;
				DEBUG_INFORMATION_FORMAT = dwarf;
				ENABLE_STRICT_OBJC_MSGSEND = YES;
				ENABLE_TESTABILITY = YES;
				GCC_C_LANGUAGE_STANDARD = gnu11;
				GCC_DYNAMIC_NO_PIC = NO;
				GCC_NO_COMMON_BLOCKS = YES;
				GCC_OPTIMIZATION_LEVEL = 0;
				GCC_PREPROCESSOR_DEFINITIONS = (
					"DEBUG=1",
					"$(inherited)",
				);
				GCC_WARN_64_TO_32_BIT_CONVERSION = YES;
				GCC_WARN_ABOUT_RETURN_TYPE = YES_ERROR;
				GCC_WARN_UNDECLARED_SELECTOR = YES;
				GCC_WARN_UNINITIALIZED_AUTOS = YES_AGGRESSIVE;
				GCC_WARN_UNUSED_FUNCTION = YES;
				GCC_WARN_UNUSED_VARIABLE = YES;
				MACOSX_DEPLOYMENT_TARGET = 11.3;
				MTL_ENABLE_DEBUG_INFO = INCLUDE_SOURCE;
				MTL_FAST_MATH = YES;
				ONLY_ACTIVE_ARCH = YES;
				SDKROOT = macosx;
			};
			name = Debug;
		};
		CD1E38EB28082A13003FE7F4 /* Release */ = {
			isa = XCBuildConfiguration;
			buildSettings = {
				ALWAYS_SEARCH_USER_PATHS = NO;
				CLANG_ANALYZER_NONNULL = YES;
				CLANG_ANALYZER_NUMBER_OBJECT_CONVERSION = YES_AGGRESSIVE;
				CLANG_CXX_LANGUAGE_STANDARD = "gnu++14";
				CLANG_CXX_LIBRARY = "libc++";
				CLANG_ENABLE_MODULES = YES;
				CLANG_ENABLE_OBJC_ARC = YES;
				CLANG_ENABLE_OBJC_WEAK = YES;
				CLANG_WARN_BLOCK_CAPTURE_AUTORELEASING = YES;
				CLANG_WARN_BOOL_CONVERSION = YES;
				CLANG_WARN_COMMA = YES;
				CLANG_WARN_CONSTANT_CONVERSION = YES;
				CLANG_WARN_DEPRECATED_OBJC_IMPLEMENTATIONS = YES;
				CLANG_WARN_DIRECT_OBJC_ISA_USAGE = YES_ERROR;
				CLANG_WARN_DOCUMENTATION_COMMENTS = YES;
				CLANG_WARN_EMPTY_BODY = YES;
				CLANG_WARN_ENUM_CONVERSION = YES;
				CLANG_WARN_INFINITE_RECURSION = YES;
				CLANG_WARN_INT_CONVERSION = YES;
				CLANG_WARN_NON_LITERAL_NULL_CONVERSION = YES;
				CLANG_WARN_OBJC_IMPLICIT_RETAIN_SELF = YES;
				CLANG_WARN_OBJC_LITERAL_CONVERSION = YES;
				CLANG_WARN_OBJC_ROOT_CLASS = YES_ERROR;
				CLANG_WARN_QUOTED_INCLUDE_IN_FRAMEWORK_HEADER = YES;
				CLANG_WARN_RANGE_LOOP_ANALYSIS = YES;
				CLANG_WARN_STRICT_PROTOTYPES = YES;
				CLANG_WARN_SUSPICIOUS_MOVE = YES;
				CLANG_WARN_UNGUARDED_AVAILABILITY = YES_AGGRESSIVE;
				CLANG_WARN_UNREACHABLE_CODE = YES;
				CLANG_WARN__DUPLICATE_METHOD_MATCH = YES;
				COPY_PHASE_STRIP = NO;
				DEBUG_INFORMATION_FORMAT = "dwarf-with-dsym";
				ENABLE_NS_ASSERTIONS = NO;
				ENABLE_STRICT_OBJC_MSGSEND = YES;
				GCC_C_LANGUAGE_STANDARD = gnu11;
				GCC_NO_COMMON_BLOCKS = YES;
				GCC_WARN_64_TO_32_BIT_CONVERSION = YES;
				GCC_WARN_ABOUT_RETURN_TYPE = YES_ERROR;
				GCC_WARN_UNDECLARED_SELECTOR = YES;
				GCC_WARN_UNINITIALIZED_AUTOS = YES_AGGRESSIVE;
				GCC_WARN_UNUSED_FUNCTION = YES;
				GCC_WARN_UNUSED_VARIABLE = YES;
				MACOSX_DEPLOYMENT_TARGET = 11.3;
				MTL_ENABLE_DEBUG_INFO = NO;
				MTL_FAST_MATH = YES;
				SDKROOT = macosx;
			};
			name = Release;
		};
		CD1E38ED28082A13003FE7F4 /* Debug */ = {
			isa = XCBuildConfiguration;
			buildSettings = {
				ASSETCATALOG_COMPILER_APPICON_NAME = AppIcon;
				ASSETCATALOG_COMPILER_GLOBAL_ACCENT_COLOR_NAME = AccentColor;
				CODE_SIGN_ENTITLEMENTS = XcodeExtensionSample/XcodeExtensionSample.entitlements;
				CODE_SIGN_STYLE = Automatic;
				COMBINE_HIDPI_IMAGES = YES;
				DEVELOPMENT_TEAM = C4RJDT5BP6;
				ENABLE_HARDENED_RUNTIME = YES;
				INFOPLIST_FILE = XcodeExtensionSample/Info.plist;
				LD_RUNPATH_SEARCH_PATHS = (
					"$(inherited)",
					"@executable_path/../Frameworks",
				);
				PRODUCT_BUNDLE_IDENTIFIER = "Big-Nerd-Ranch.XcodeExtensionSample";
				PRODUCT_NAME = "$(TARGET_NAME)";
			};
			name = Debug;
		};
		CD1E38EE28082A13003FE7F4 /* Release */ = {
			isa = XCBuildConfiguration;
			buildSettings = {
				ASSETCATALOG_COMPILER_APPICON_NAME = AppIcon;
				ASSETCATALOG_COMPILER_GLOBAL_ACCENT_COLOR_NAME = AccentColor;
				CODE_SIGN_ENTITLEMENTS = XcodeExtensionSample/XcodeExtensionSample.entitlements;
				CODE_SIGN_STYLE = Automatic;
				COMBINE_HIDPI_IMAGES = YES;
				DEVELOPMENT_TEAM = C4RJDT5BP6;
				ENABLE_HARDENED_RUNTIME = YES;
				INFOPLIST_FILE = XcodeExtensionSample/Info.plist;
				LD_RUNPATH_SEARCH_PATHS = (
					"$(inherited)",
					"@executable_path/../Frameworks",
				);
				PRODUCT_BUNDLE_IDENTIFIER = "Big-Nerd-Ranch.XcodeExtensionSample";
				PRODUCT_NAME = "$(TARGET_NAME)";
			};
			name = Release;
		};
		CD1E38F028082A13003FE7F4 /* Debug */ = {
			isa = XCBuildConfiguration;
			buildSettings = {
				BUNDLE_LOADER = "$(TEST_HOST)";
				CODE_SIGN_STYLE = Automatic;
				COMBINE_HIDPI_IMAGES = YES;
				DEVELOPMENT_TEAM = C4RJDT5BP6;
				INFOPLIST_FILE = XcodeExtensionSampleTests/Info.plist;
				LD_RUNPATH_SEARCH_PATHS = (
					"$(inherited)",
					"@executable_path/../Frameworks",
					"@loader_path/../Frameworks",
				);
				MACOSX_DEPLOYMENT_TARGET = 11.3;
				PRODUCT_BUNDLE_IDENTIFIER = "Big-Nerd-Ranch.XcodeExtensionSampleTests";
				PRODUCT_NAME = "$(TARGET_NAME)";
				TEST_HOST = "$(BUILT_PRODUCTS_DIR)/XcodeExtensionSample.app/Contents/MacOS/XcodeExtensionSample";
			};
			name = Debug;
		};
		CD1E38F128082A13003FE7F4 /* Release */ = {
			isa = XCBuildConfiguration;
			buildSettings = {
				BUNDLE_LOADER = "$(TEST_HOST)";
				CODE_SIGN_STYLE = Automatic;
				COMBINE_HIDPI_IMAGES = YES;
				DEVELOPMENT_TEAM = C4RJDT5BP6;
				INFOPLIST_FILE = XcodeExtensionSampleTests/Info.plist;
				LD_RUNPATH_SEARCH_PATHS = (
					"$(inherited)",
					"@executable_path/../Frameworks",
					"@loader_path/../Frameworks",
				);
				MACOSX_DEPLOYMENT_TARGET = 11.3;
				PRODUCT_BUNDLE_IDENTIFIER = "Big-Nerd-Ranch.XcodeExtensionSampleTests";
				PRODUCT_NAME = "$(TARGET_NAME)";
				TEST_HOST = "$(BUILT_PRODUCTS_DIR)/XcodeExtensionSample.app/Contents/MacOS/XcodeExtensionSample";
			};
			name = Release;
		};
		CD1E38F328082A13003FE7F4 /* Debug */ = {
			isa = XCBuildConfiguration;
			buildSettings = {
				CODE_SIGN_STYLE = Automatic;
				COMBINE_HIDPI_IMAGES = YES;
				DEVELOPMENT_TEAM = C4RJDT5BP6;
				INFOPLIST_FILE = XcodeExtensionSampleUITests/Info.plist;
				LD_RUNPATH_SEARCH_PATHS = (
					"$(inherited)",
					"@executable_path/../Frameworks",
					"@loader_path/../Frameworks",
				);
				PRODUCT_BUNDLE_IDENTIFIER = "Big-Nerd-Ranch.XcodeExtensionSampleUITests";
				PRODUCT_NAME = "$(TARGET_NAME)";
				TEST_TARGET_NAME = XcodeExtensionSample;
			};
			name = Debug;
		};
		CD1E38F428082A13003FE7F4 /* Release */ = {
			isa = XCBuildConfiguration;
			buildSettings = {
				CODE_SIGN_STYLE = Automatic;
				COMBINE_HIDPI_IMAGES = YES;
				DEVELOPMENT_TEAM = C4RJDT5BP6;
				INFOPLIST_FILE = XcodeExtensionSampleUITests/Info.plist;
				LD_RUNPATH_SEARCH_PATHS = (
					"$(inherited)",
					"@executable_path/../Frameworks",
					"@loader_path/../Frameworks",
				);
				PRODUCT_BUNDLE_IDENTIFIER = "Big-Nerd-Ranch.XcodeExtensionSampleUITests";
				PRODUCT_NAME = "$(TARGET_NAME)";
				TEST_TARGET_NAME = XcodeExtensionSample;
			};
			name = Release;
		};
		CD1E390C28082A26003FE7F4 /* Debug */ = {
			isa = XCBuildConfiguration;
			buildSettings = {
				CODE_SIGN_ENTITLEMENTS = Extension/Extension.entitlements;
				CODE_SIGN_STYLE = Automatic;
				COMBINE_HIDPI_IMAGES = YES;
				DEVELOPMENT_TEAM = C4RJDT5BP6;
				ENABLE_HARDENED_RUNTIME = YES;
				INFOPLIST_FILE = Extension/Info.plist;
				LD_RUNPATH_SEARCH_PATHS = (
					"$(inherited)",
					"@executable_path/../Frameworks",
					"@executable_path/../../../../Frameworks",
				);
				PRODUCT_BUNDLE_IDENTIFIER = "Big-Nerd-Ranch.XcodeExtensionSample.Extension";
				PRODUCT_NAME = "$(TARGET_NAME)";
				SKIP_INSTALL = YES;
			};
			name = Debug;
		};
		CD1E390D28082A26003FE7F4 /* Release */ = {
			isa = XCBuildConfiguration;
			buildSettings = {
				CODE_SIGN_ENTITLEMENTS = Extension/Extension.entitlements;
				CODE_SIGN_STYLE = Automatic;
				COMBINE_HIDPI_IMAGES = YES;
				DEVELOPMENT_TEAM = C4RJDT5BP6;
				ENABLE_HARDENED_RUNTIME = YES;
				INFOPLIST_FILE = Extension/Info.plist;
				LD_RUNPATH_SEARCH_PATHS = (
					"$(inherited)",
					"@executable_path/../Frameworks",
					"@executable_path/../../../../Frameworks",
				);
				PRODUCT_BUNDLE_IDENTIFIER = "Big-Nerd-Ranch.XcodeExtensionSample.Extension";
				PRODUCT_NAME = "$(TARGET_NAME)";
				SKIP_INSTALL = YES;
			};
			name = Release;
		};
/* End XCBuildConfiguration section */

/* Begin XCConfigurationList section */
		CD1E38C028082A12003FE7F4 /* Build configuration list for PBXProject "XcodeExtensionSample" */ = {
			isa = XCConfigurationList;
			buildConfigurations = (
				CD1E38EA28082A13003FE7F4 /* Debug */,
				CD1E38EB28082A13003FE7F4 /* Release */,
			);
			defaultConfigurationIsVisible = 0;
			defaultConfigurationName = Release;
		};
		CD1E38EC28082A13003FE7F4 /* Build configuration list for PBXNativeTarget "XcodeExtensionSample" */ = {
			isa = XCConfigurationList;
			buildConfigurations = (
				CD1E38ED28082A13003FE7F4 /* Debug */,
				CD1E38EE28082A13003FE7F4 /* Release */,
			);
			defaultConfigurationIsVisible = 0;
			defaultConfigurationName = Release;
		};
		CD1E38EF28082A13003FE7F4 /* Build configuration list for PBXNativeTarget "XcodeExtensionSampleTests" */ = {
			isa = XCConfigurationList;
			buildConfigurations = (
				CD1E38F028082A13003FE7F4 /* Debug */,
				CD1E38F128082A13003FE7F4 /* Release */,
			);
			defaultConfigurationIsVisible = 0;
			defaultConfigurationName = Release;
		};
		CD1E38F228082A13003FE7F4 /* Build configuration list for PBXNativeTarget "XcodeExtensionSampleUITests" */ = {
			isa = XCConfigurationList;
			buildConfigurations = (
				CD1E38F328082A13003FE7F4 /* Debug */,
				CD1E38F428082A13003FE7F4 /* Release */,
			);
			defaultConfigurationIsVisible = 0;
			defaultConfigurationName = Release;
		};
		CD1E390B28082A26003FE7F4 /* Build configuration list for PBXNativeTarget "Extension" */ = {
			isa = XCConfigurationList;
			buildConfigurations = (
				CD1E390C28082A26003FE7F4 /* Debug */,
				CD1E390D28082A26003FE7F4 /* Release */,
			);
			defaultConfigurationIsVisible = 0;
			defaultConfigurationName = Release;
		};
/* End XCConfigurationList section */
	};
	rootObject = CD1E38BD28082A12003FE7F4 /* Project object */;
}
