// !$*UTF8*$!
{
	archiveVersion = 1;
	classes = {
	};
	objectVersion = 50;
	objects = {

/* Begin PBXBuildFile section */
		CD35E40C2807FC5700B3BE27 /* AppDelegate.swift in Sources */ = {isa = PBXBuildFile; fileRef = CD35E40B2807FC5700B3BE27 /* AppDelegate.swift */; };
		CD35E40E2807FC5800B3BE27 /* Assets.xcassets in Resources */ = {isa = PBXBuildFile; fileRef = CD35E40D2807FC5800B3BE27 /* Assets.xcassets */; };
		CD35E4112807FC5800B3BE27 /* MainMenu.xib in Resources */ = {isa = PBXBuildFile; fileRef = CD35E40F2807FC5800B3BE27 /* MainMenu.xib */; };
		CD35E41D2807FC5800B3BE27 /* XTExtension_swiftTests.swift in Sources */ = {isa = PBXBuildFile; fileRef = CD35E41C2807FC5800B3BE27 /* XTExtension_swiftTests.swift */; };
		CD35E4282807FC5800B3BE27 /* XTExtension_swiftUITests.swift in Sources */ = {isa = PBXBuildFile; fileRef = CD35E4272807FC5800B3BE27 /* XTExtension_swiftUITests.swift */; };
		CD35E43C2807FC7700B3BE27 /* Cocoa.framework in Frameworks */ = {isa = PBXBuildFile; fileRef = CD35E43B2807FC7700B3BE27 /* Cocoa.framework */; };
		CD35E43E2807FC7700B3BE27 /* XcodeKit.framework in Frameworks */ = {isa = PBXBuildFile; fileRef = CD35E43D2807FC7700B3BE27 /* XcodeKit.framework */; };
		CD35E4412807FC7700B3BE27 /* SourceEditorExtension.swift in Sources */ = {isa = PBXBuildFile; fileRef = CD35E4402807FC7700B3BE27 /* SourceEditorExtension.swift */; };
		CD35E4432807FC7700B3BE27 /* SourceEditorCommand.swift in Sources */ = {isa = PBXBuildFile; fileRef = CD35E4422807FC7700B3BE27 /* SourceEditorCommand.swift */; };
		CD35E4482807FC7700B3BE27 /* XTComment.appex in Embed App Extensions */ = {isa = PBXBuildFile; fileRef = CD35E4392807FC7700B3BE27 /* XTComment.appex */; settings = {ATTRIBUTES = (RemoveHeadersOnCopy, ); }; };
		CD35E44E2807FC8B00B3BE27 /* XcodeKit.framework in Frameworks */ = {isa = PBXBuildFile; fileRef = CD35E44D2807FC8B00B3BE27 /* XcodeKit.framework */; };
		CD35E44F2807FC8B00B3BE27 /* XcodeKit.framework in Embed Frameworks */ = {isa = PBXBuildFile; fileRef = CD35E44D2807FC8B00B3BE27 /* XcodeKit.framework */; settings = {ATTRIBUTES = (CodeSignOnCopy, RemoveHeadersOnCopy, ); }; };
/* End PBXBuildFile section */

/* Begin PBXContainerItemProxy section */
		CD35E4192807FC5800B3BE27 /* PBXContainerItemProxy */ = {
			isa = PBXContainerItemProxy;
			containerPortal = CD35E4002807FC5700B3BE27 /* Project object */;
			proxyType = 1;
			remoteGlobalIDString = CD35E4072807FC5700B3BE27;
			remoteInfo = "XTExtension-swift";
		};
		CD35E4242807FC5800B3BE27 /* PBXContainerItemProxy */ = {
			isa = PBXContainerItemProxy;
			containerPortal = CD35E4002807FC5700B3BE27 /* Project object */;
			proxyType = 1;
			remoteGlobalIDString = CD35E4072807FC5700B3BE27;
			remoteInfo = "XTExtension-swift";
		};
		CD35E4462807FC7700B3BE27 /* PBXContainerItemProxy */ = {
			isa = PBXContainerItemProxy;
			containerPortal = CD35E4002807FC5700B3BE27 /* Project object */;
			proxyType = 1;
			remoteGlobalIDString = CD35E4382807FC7700B3BE27;
			remoteInfo = XTComment;
		};
/* End PBXContainerItemProxy section */

/* Begin PBXCopyFilesBuildPhase section */
		CD35E44C2807FC7700B3BE27 /* Embed App Extensions */ = {
			isa = PBXCopyFilesBuildPhase;
			buildActionMask = 2147483647;
			dstPath = "";
			dstSubfolderSpec = 13;
			files = (
				CD35E4482807FC7700B3BE27 /* XTComment.appex in Embed App Extensions */,
			);
			name = "Embed App Extensions";
			runOnlyForDeploymentPostprocessing = 0;
		};
		CD35E4502807FC8B00B3BE27 /* Embed Frameworks */ = {
			isa = PBXCopyFilesBuildPhase;
			buildActionMask = 2147483647;
			dstPath = "";
			dstSubfolderSpec = 10;
			files = (
				CD35E44F2807FC8B00B3BE27 /* XcodeKit.framework in Embed Frameworks */,
			);
			name = "Embed Frameworks";
			runOnlyForDeploymentPostprocessing = 0;
		};
/* End PBXCopyFilesBuildPhase section */

/* Begin PBXFileReference section */
		CD35E4082807FC5700B3BE27 /* XTExtension-swift.app */ = {isa = PBXFileReference; explicitFileType = wrapper.application; includeInIndex = 0; path = "XTExtension-swift.app"; sourceTree = BUILT_PRODUCTS_DIR; };
		CD35E40B2807FC5700B3BE27 /* AppDelegate.swift */ = {isa = PBXFileReference; lastKnownFileType = sourcecode.swift; path = AppDelegate.swift; sourceTree = "<group>"; };
		CD35E40D2807FC5800B3BE27 /* Assets.xcassets */ = {isa = PBXFileReference; lastKnownFileType = folder.assetcatalog; path = Assets.xcassets; sourceTree = "<group>"; };
		CD35E4102807FC5800B3BE27 /* Base */ = {isa = PBXFileReference; lastKnownFileType = file.xib; name = Base; path = Base.lproj/MainMenu.xib; sourceTree = "<group>"; };
		CD35E4122807FC5800B3BE27 /* Info.plist */ = {isa = PBXFileReference; lastKnownFileType = text.plist.xml; path = Info.plist; sourceTree = "<group>"; };
		CD35E4132807FC5800B3BE27 /* XTExtension_swift.entitlements */ = {isa = PBXFileReference; lastKnownFileType = text.plist.entitlements; path = XTExtension_swift.entitlements; sourceTree = "<group>"; };
		CD35E4182807FC5800B3BE27 /* XTExtension-swiftTests.xctest */ = {isa = PBXFileReference; explicitFileType = wrapper.cfbundle; includeInIndex = 0; path = "XTExtension-swiftTests.xctest"; sourceTree = BUILT_PRODUCTS_DIR; };
		CD35E41C2807FC5800B3BE27 /* XTExtension_swiftTests.swift */ = {isa = PBXFileReference; lastKnownFileType = sourcecode.swift; path = XTExtension_swiftTests.swift; sourceTree = "<group>"; };
		CD35E41E2807FC5800B3BE27 /* Info.plist */ = {isa = PBXFileReference; lastKnownFileType = text.plist.xml; path = Info.plist; sourceTree = "<group>"; };
		CD35E4232807FC5800B3BE27 /* XTExtension-swiftUITests.xctest */ = {isa = PBXFileReference; explicitFileType = wrapper.cfbundle; includeInIndex = 0; path = "XTExtension-swiftUITests.xctest"; sourceTree = BUILT_PRODUCTS_DIR; };
		CD35E4272807FC5800B3BE27 /* XTExtension_swiftUITests.swift */ = {isa = PBXFileReference; lastKnownFileType = sourcecode.swift; path = XTExtension_swiftUITests.swift; sourceTree = "<group>"; };
		CD35E4292807FC5800B3BE27 /* Info.plist */ = {isa = PBXFileReference; lastKnownFileType = text.plist.xml; path = Info.plist; sourceTree = "<group>"; };
		CD35E4392807FC7700B3BE27 /* XTComment.appex */ = {isa = PBXFileReference; explicitFileType = "wrapper.app-extension"; includeInIndex = 0; path = XTComment.appex; sourceTree = BUILT_PRODUCTS_DIR; };
		CD35E43B2807FC7700B3BE27 /* Cocoa.framework */ = {isa = PBXFileReference; lastKnownFileType = wrapper.framework; name = Cocoa.framework; path = System/Library/Frameworks/Cocoa.framework; sourceTree = SDKROOT; };
		CD35E43D2807FC7700B3BE27 /* XcodeKit.framework */ = {isa = PBXFileReference; lastKnownFileType = wrapper.framework; name = XcodeKit.framework; path = Library/Frameworks/XcodeKit.framework; sourceTree = DEVELOPER_DIR; };
		CD35E4402807FC7700B3BE27 /* SourceEditorExtension.swift */ = {isa = PBXFileReference; lastKnownFileType = sourcecode.swift; path = SourceEditorExtension.swift; sourceTree = "<group>"; };
		CD35E4422807FC7700B3BE27 /* SourceEditorCommand.swift */ = {isa = PBXFileReference; lastKnownFileType = sourcecode.swift; path = SourceEditorCommand.swift; sourceTree = "<group>"; };
		CD35E4442807FC7700B3BE27 /* Info.plist */ = {isa = PBXFileReference; lastKnownFileType = text.plist.xml; path = Info.plist; sourceTree = "<group>"; };
		CD35E4452807FC7700B3BE27 /* XTComment.entitlements */ = {isa = PBXFileReference; lastKnownFileType = text.plist.entitlements; path = XTComment.entitlements; sourceTree = "<group>"; };
		CD35E44D2807FC8B00B3BE27 /* XcodeKit.framework */ = {isa = PBXFileReference; lastKnownFileType = wrapper.framework; name = XcodeKit.framework; path = Library/Frameworks/XcodeKit.framework; sourceTree = DEVELOPER_DIR; };
/* End PBXFileReference section */

/* Begin PBXFrameworksBuildPhase section */
		CD35E4052807FC5700B3BE27 /* Frameworks */ = {
			isa = PBXFrameworksBuildPhase;
			buildActionMask = 2147483647;
			files = (
			);
			runOnlyForDeploymentPostprocessing = 0;
		};
		CD35E4152807FC5800B3BE27 /* Frameworks */ = {
			isa = PBXFrameworksBuildPhase;
			buildActionMask = 2147483647;
			files = (
			);
			runOnlyForDeploymentPostprocessing = 0;
		};
		CD35E4202807FC5800B3BE27 /* Frameworks */ = {
			isa = PBXFrameworksBuildPhase;
			buildActionMask = 2147483647;
			files = (
			);
			runOnlyForDeploymentPostprocessing = 0;
		};
		CD35E4362807FC7700B3BE27 /* Frameworks */ = {
			isa = PBXFrameworksBuildPhase;
			buildActionMask = 2147483647;
			files = (
				CD35E44E2807FC8B00B3BE27 /* XcodeKit.framework in Frameworks */,
				CD35E43C2807FC7700B3BE27 /* Cocoa.framework in Frameworks */,
				CD35E43E2807FC7700B3BE27 /* XcodeKit.framework in Frameworks */,
			);
			runOnlyForDeploymentPostprocessing = 0;
		};
/* End PBXFrameworksBuildPhase section */

/* Begin PBXGroup section */
		CD35E3FF2807FC5700B3BE27 = {
			isa = PBXGroup;
			children = (
				CD35E40A2807FC5700B3BE27 /* XTExtension-swift */,
				CD35E41B2807FC5800B3BE27 /* XTExtension-swiftTests */,
				CD35E4262807FC5800B3BE27 /* XTExtension-swiftUITests */,
				CD35E43F2807FC7700B3BE27 /* XTComment */,
				CD35E43A2807FC7700B3BE27 /* Frameworks */,
				CD35E4092807FC5700B3BE27 /* Products */,
			);
			sourceTree = "<group>";
		};
		CD35E4092807FC5700B3BE27 /* Products */ = {
			isa = PBXGroup;
			children = (
				CD35E4082807FC5700B3BE27 /* XTExtension-swift.app */,
				CD35E4182807FC5800B3BE27 /* XTExtension-swiftTests.xctest */,
				CD35E4232807FC5800B3BE27 /* XTExtension-swiftUITests.xctest */,
				CD35E4392807FC7700B3BE27 /* XTComment.appex */,
			);
			name = Products;
			sourceTree = "<group>";
		};
		CD35E40A2807FC5700B3BE27 /* XTExtension-swift */ = {
			isa = PBXGroup;
			children = (
				CD35E40B2807FC5700B3BE27 /* AppDelegate.swift */,
				CD35E40D2807FC5800B3BE27 /* Assets.xcassets */,
				CD35E40F2807FC5800B3BE27 /* MainMenu.xib */,
				CD35E4122807FC5800B3BE27 /* Info.plist */,
				CD35E4132807FC5800B3BE27 /* XTExtension_swift.entitlements */,
			);
			path = "XTExtension-swift";
			sourceTree = "<group>";
		};
		CD35E41B2807FC5800B3BE27 /* XTExtension-swiftTests */ = {
			isa = PBXGroup;
			children = (
				CD35E41C2807FC5800B3BE27 /* XTExtension_swiftTests.swift */,
				CD35E41E2807FC5800B3BE27 /* Info.plist */,
			);
			path = "XTExtension-swiftTests";
			sourceTree = "<group>";
		};
		CD35E4262807FC5800B3BE27 /* XTExtension-swiftUITests */ = {
			isa = PBXGroup;
			children = (
				CD35E4272807FC5800B3BE27 /* XTExtension_swiftUITests.swift */,
				CD35E4292807FC5800B3BE27 /* Info.plist */,
			);
			path = "XTExtension-swiftUITests";
			sourceTree = "<group>";
		};
		CD35E43A2807FC7700B3BE27 /* Frameworks */ = {
			isa = PBXGroup;
			children = (
				CD35E44D2807FC8B00B3BE27 /* XcodeKit.framework */,
				CD35E43B2807FC7700B3BE27 /* Cocoa.framework */,
				CD35E43D2807FC7700B3BE27 /* XcodeKit.framework */,
			);
			name = Frameworks;
			sourceTree = "<group>";
		};
		CD35E43F2807FC7700B3BE27 /* XTComment */ = {
			isa = PBXGroup;
			children = (
				CD35E4402807FC7700B3BE27 /* SourceEditorExtension.swift */,
				CD35E4422807FC7700B3BE27 /* SourceEditorCommand.swift */,
				CD35E4442807FC7700B3BE27 /* Info.plist */,
				CD35E4452807FC7700B3BE27 /* XTComment.entitlements */,
			);
			path = XTComment;
			sourceTree = "<group>";
		};
/* End PBXGroup section */

/* Begin PBXNativeTarget section */
		CD35E4072807FC5700B3BE27 /* XTExtension-swift */ = {
			isa = PBXNativeTarget;
			buildConfigurationList = CD35E42C2807FC5800B3BE27 /* Build configuration list for PBXNativeTarget "XTExtension-swift" */;
			buildPhases = (
				CD35E4042807FC5700B3BE27 /* Sources */,
				CD35E4052807FC5700B3BE27 /* Frameworks */,
				CD35E4062807FC5700B3BE27 /* Resources */,
				CD35E44C2807FC7700B3BE27 /* Embed App Extensions */,
			);
			buildRules = (
			);
			dependencies = (
				CD35E4472807FC7700B3BE27 /* PBXTargetDependency */,
			);
			name = "XTExtension-swift";
			productName = "XTExtension-swift";
			productReference = CD35E4082807FC5700B3BE27 /* XTExtension-swift.app */;
			productType = "com.apple.product-type.application";
		};
		CD35E4172807FC5800B3BE27 /* XTExtension-swiftTests */ = {
			isa = PBXNativeTarget;
			buildConfigurationList = CD35E42F2807FC5800B3BE27 /* Build configuration list for PBXNativeTarget "XTExtension-swiftTests" */;
			buildPhases = (
				CD35E4142807FC5800B3BE27 /* Sources */,
				CD35E4152807FC5800B3BE27 /* Frameworks */,
				CD35E4162807FC5800B3BE27 /* Resources */,
			);
			buildRules = (
			);
			dependencies = (
				CD35E41A2807FC5800B3BE27 /* PBXTargetDependency */,
			);
			name = "XTExtension-swiftTests";
			productName = "XTExtension-swiftTests";
			productReference = CD35E4182807FC5800B3BE27 /* XTExtension-swiftTests.xctest */;
			productType = "com.apple.product-type.bundle.unit-test";
		};
		CD35E4222807FC5800B3BE27 /* XTExtension-swiftUITests */ = {
			isa = PBXNativeTarget;
			buildConfigurationList = CD35E4322807FC5800B3BE27 /* Build configuration list for PBXNativeTarget "XTExtension-swiftUITests" */;
			buildPhases = (
				CD35E41F2807FC5800B3BE27 /* Sources */,
				CD35E4202807FC5800B3BE27 /* Frameworks */,
				CD35E4212807FC5800B3BE27 /* Resources */,
			);
			buildRules = (
			);
			dependencies = (
				CD35E4252807FC5800B3BE27 /* PBXTargetDependency */,
			);
			name = "XTExtension-swiftUITests";
			productName = "XTExtension-swiftUITests";
			productReference = CD35E4232807FC5800B3BE27 /* XTExtension-swiftUITests.xctest */;
			productType = "com.apple.product-type.bundle.ui-testing";
		};
		CD35E4382807FC7700B3BE27 /* XTComment */ = {
			isa = PBXNativeTarget;
			buildConfigurationList = CD35E4492807FC7700B3BE27 /* Build configuration list for PBXNativeTarget "XTComment" */;
			buildPhases = (
				CD35E4352807FC7700B3BE27 /* Sources */,
				CD35E4362807FC7700B3BE27 /* Frameworks */,
				CD35E4372807FC7700B3BE27 /* Resources */,
				CD35E4502807FC8B00B3BE27 /* Embed Frameworks */,
			);
			buildRules = (
			);
			dependencies = (
			);
			name = XTComment;
			productName = XTComment;
			productReference = CD35E4392807FC7700B3BE27 /* XTComment.appex */;
			productType = "com.apple.product-type.xcode-extension";
		};
/* End PBXNativeTarget section */

/* Begin PBXProject section */
		CD35E4002807FC5700B3BE27 /* Project object */ = {
			isa = PBXProject;
			attributes = {
				LastSwiftUpdateCheck = 1250;
				LastUpgradeCheck = 1250;
				TargetAttributes = {
					CD35E4072807FC5700B3BE27 = {
						CreatedOnToolsVersion = 12.5.1;
					};
					CD35E4172807FC5800B3BE27 = {
						CreatedOnToolsVersion = 12.5.1;
						TestTargetID = CD35E4072807FC5700B3BE27;
					};
					CD35E4222807FC5800B3BE27 = {
						CreatedOnToolsVersion = 12.5.1;
						TestTargetID = CD35E4072807FC5700B3BE27;
					};
					CD35E4382807FC7700B3BE27 = {
						CreatedOnToolsVersion = 12.5.1;
					};
				};
			};
			buildConfigurationList = CD35E4032807FC5700B3BE27 /* Build configuration list for PBXProject "XTExtension-swift" */;
			compatibilityVersion = "Xcode 9.3";
			developmentRegion = en;
			hasScannedForEncodings = 0;
			knownRegions = (
				en,
				Base,
			);
			mainGroup = CD35E3FF2807FC5700B3BE27;
			productRefGroup = CD35E4092807FC5700B3BE27 /* Products */;
			projectDirPath = "";
			projectRoot = "";
			targets = (
				CD35E4072807FC5700B3BE27 /* XTExtension-swift */,
				CD35E4172807FC5800B3BE27 /* XTExtension-swiftTests */,
				CD35E4222807FC5800B3BE27 /* XTExtension-swiftUITests */,
				CD35E4382807FC7700B3BE27 /* XTComment */,
			);
		};
/* End PBXProject section */

/* Begin PBXResourcesBuildPhase section */
		CD35E4062807FC5700B3BE27 /* Resources */ = {
			isa = PBXResourcesBuildPhase;
			buildActionMask = 2147483647;
			files = (
				CD35E40E2807FC5800B3BE27 /* Assets.xcassets in Resources */,
				CD35E4112807FC5800B3BE27 /* MainMenu.xib in Resources */,
			);
			runOnlyForDeploymentPostprocessing = 0;
		};
		CD35E4162807FC5800B3BE27 /* Resources */ = {
			isa = PBXResourcesBuildPhase;
			buildActionMask = 2147483647;
			files = (
			);
			runOnlyForDeploymentPostprocessing = 0;
		};
		CD35E4212807FC5800B3BE27 /* Resources */ = {
			isa = PBXResourcesBuildPhase;
			buildActionMask = 2147483647;
			files = (
			);
			runOnlyForDeploymentPostprocessing = 0;
		};
		CD35E4372807FC7700B3BE27 /* Resources */ = {
			isa = PBXResourcesBuildPhase;
			buildActionMask = 2147483647;
			files = (
			);
			runOnlyForDeploymentPostprocessing = 0;
		};
/* End PBXResourcesBuildPhase section */

/* Begin PBXSourcesBuildPhase section */
		CD35E4042807FC5700B3BE27 /* Sources */ = {
			isa = PBXSourcesBuildPhase;
			buildActionMask = 2147483647;
			files = (
				CD35E40C2807FC5700B3BE27 /* AppDelegate.swift in Sources */,
			);
			runOnlyForDeploymentPostprocessing = 0;
		};
		CD35E4142807FC5800B3BE27 /* Sources */ = {
			isa = PBXSourcesBuildPhase;
			buildActionMask = 2147483647;
			files = (
				CD35E41D2807FC5800B3BE27 /* XTExtension_swiftTests.swift in Sources */,
			);
			runOnlyForDeploymentPostprocessing = 0;
		};
		CD35E41F2807FC5800B3BE27 /* Sources */ = {
			isa = PBXSourcesBuildPhase;
			buildActionMask = 2147483647;
			files = (
				CD35E4282807FC5800B3BE27 /* XTExtension_swiftUITests.swift in Sources */,
			);
			runOnlyForDeploymentPostprocessing = 0;
		};
		CD35E4352807FC7700B3BE27 /* Sources */ = {
			isa = PBXSourcesBuildPhase;
			buildActionMask = 2147483647;
			files = (
				CD35E4412807FC7700B3BE27 /* SourceEditorExtension.swift in Sources */,
				CD35E4432807FC7700B3BE27 /* SourceEditorCommand.swift in Sources */,
			);
			runOnlyForDeploymentPostprocessing = 0;
		};
/* End PBXSourcesBuildPhase section */

/* Begin PBXTargetDependency section */
		CD35E41A2807FC5800B3BE27 /* PBXTargetDependency */ = {
			isa = PBXTargetDependency;
			target = CD35E4072807FC5700B3BE27 /* XTExtension-swift */;
			targetProxy = CD35E4192807FC5800B3BE27 /* PBXContainerItemProxy */;
		};
		CD35E4252807FC5800B3BE27 /* PBXTargetDependency */ = {
			isa = PBXTargetDependency;
			target = CD35E4072807FC5700B3BE27 /* XTExtension-swift */;
			targetProxy = CD35E4242807FC5800B3BE27 /* PBXContainerItemProxy */;
		};
		CD35E4472807FC7700B3BE27 /* PBXTargetDependency */ = {
			isa = PBXTargetDependency;
			target = CD35E4382807FC7700B3BE27 /* XTComment */;
			targetProxy = CD35E4462807FC7700B3BE27 /* PBXContainerItemProxy */;
		};
/* End PBXTargetDependency section */

/* Begin PBXVariantGroup section */
		CD35E40F2807FC5800B3BE27 /* MainMenu.xib */ = {
			isa = PBXVariantGroup;
			children = (
				CD35E4102807FC5800B3BE27 /* Base */,
			);
			name = MainMenu.xib;
			sourceTree = "<group>";
		};
/* End PBXVariantGroup section */

/* Begin XCBuildConfiguration section */
		CD35E42A2807FC5800B3BE27 /* Debug */ = {
			isa = XCBuildConfiguration;
			buildSettings = {
				ALWAYS_SEARCH_USER_PATHS = NO;
				CLANG_ANALYZER_NONNULL = YES;
				CLANG_ANALYZER_NUMBER_OBJECT_CONVERSION = YES_AGGRESSIVE;
				CLANG_CXX_LANGUAGE_STANDARD = "gnu++14";
				CLANG_CXX_LIBRARY = "libc++";
				CLANG_ENABLE_MODULES = YES;
				CLANG_ENABLE_OBJC_ARC = YES;
				CLANG_ENABLE_OBJC_WEAK = YES;
				CLANG_WARN_BLOCK_CAPTURE_AUTORELEASING = YES;
				CLANG_WARN_BOOL_CONVERSION = YES;
				CLANG_WARN_COMMA = YES;
				CLANG_WARN_CONSTANT_CONVERSION = YES;
				CLANG_WARN_DEPRECATED_OBJC_IMPLEMENTATIONS = YES;
				CLANG_WARN_DIRECT_OBJC_ISA_USAGE = YES_ERROR;
				CLANG_WARN_DOCUMENTATION_COMMENTS = YES;
				CLANG_WARN_EMPTY_BODY = YES;
				CLANG_WARN_ENUM_CONVERSION = YES;
				CLANG_WARN_INFINITE_RECURSION = YES;
				CLANG_WARN_INT_CONVERSION = YES;
				CLANG_WARN_NON_LITERAL_NULL_CONVERSION = YES;
				CLANG_WARN_OBJC_IMPLICIT_RETAIN_SELF = YES;
				CLANG_WARN_OBJC_LITERAL_CONVERSION = YES;
				CLANG_WARN_OBJC_ROOT_CLASS = YES_ERROR;
				CLANG_WARN_QUOTED_INCLUDE_IN_FRAMEWORK_HEADER = YES;
				CLANG_WARN_RANGE_LOOP_ANALYSIS = YES;
				CLANG_WARN_STRICT_PROTOTYPES = YES;
				CLANG_WARN_SUSPICIOUS_MOVE = YES;
				CLANG_WARN_UNGUARDED_AVAILABILITY = YES_AGGRESSIVE;
				CLANG_WARN_UNREACHABLE_CODE = YES;
				CLANG_WARN__DUPLICATE_METHOD_MATCH = YES;
				COPY_PHASE_STRIP = NO;
				DEBUG_INFORMATION_FORMAT = dwarf;
				ENABLE_STRICT_OBJC_MSGSEND = YES;
				ENABLE_TESTABILITY = YES;
				GCC_C_LANGUAGE_STANDARD = gnu11;
				GCC_DYNAMIC_NO_PIC = NO;
				GCC_NO_COMMON_BLOCKS = YES;
				GCC_OPTIMIZATION_LEVEL = 0;
				GCC_PREPROCESSOR_DEFINITIONS = (
					"DEBUG=1",
					"$(inherited)",
				);
				GCC_WARN_64_TO_32_BIT_CONVERSION = YES;
				GCC_WARN_ABOUT_RETURN_TYPE = YES_ERROR;
				GCC_WARN_UNDECLARED_SELECTOR = YES;
				GCC_WARN_UNINITIALIZED_AUTOS = YES_AGGRESSIVE;
				GCC_WARN_UNUSED_FUNCTION = YES;
				GCC_WARN_UNUSED_VARIABLE = YES;
				MACOSX_DEPLOYMENT_TARGET = 11.3;
				MTL_ENABLE_DEBUG_INFO = INCLUDE_SOURCE;
				MTL_FAST_MATH = YES;
				ONLY_ACTIVE_ARCH = YES;
				SDKROOT = macosx;
				SWIFT_ACTIVE_COMPILATION_CONDITIONS = DEBUG;
				SWIFT_OPTIMIZATION_LEVEL = "-Onone";
			};
			name = Debug;
		};
		CD35E42B2807FC5800B3BE27 /* Release */ = {
			isa = XCBuildConfiguration;
			buildSettings = {
				ALWAYS_SEARCH_USER_PATHS = NO;
				CLANG_ANALYZER_NONNULL = YES;
				CLANG_ANALYZER_NUMBER_OBJECT_CONVERSION = YES_AGGRESSIVE;
				CLANG_CXX_LANGUAGE_STANDARD = "gnu++14";
				CLANG_CXX_LIBRARY = "libc++";
				CLANG_ENABLE_MODULES = YES;
				CLANG_ENABLE_OBJC_ARC = YES;
				CLANG_ENABLE_OBJC_WEAK = YES;
				CLANG_WARN_BLOCK_CAPTURE_AUTORELEASING = YES;
				CLANG_WARN_BOOL_CONVERSION = YES;
				CLANG_WARN_COMMA = YES;
				CLANG_WARN_CONSTANT_CONVERSION = YES;
				CLANG_WARN_DEPRECATED_OBJC_IMPLEMENTATIONS = YES;
				CLANG_WARN_DIRECT_OBJC_ISA_USAGE = YES_ERROR;
				CLANG_WARN_DOCUMENTATION_COMMENTS = YES;
				CLANG_WARN_EMPTY_BODY = YES;
				CLANG_WARN_ENUM_CONVERSION = YES;
				CLANG_WARN_INFINITE_RECURSION = YES;
				CLANG_WARN_INT_CONVERSION = YES;
				CLANG_WARN_NON_LITERAL_NULL_CONVERSION = YES;
				CLANG_WARN_OBJC_IMPLICIT_RETAIN_SELF = YES;
				CLANG_WARN_OBJC_LITERAL_CONVERSION = YES;
				CLANG_WARN_OBJC_ROOT_CLASS = YES_ERROR;
				CLANG_WARN_QUOTED_INCLUDE_IN_FRAMEWORK_HEADER = YES;
				CLANG_WARN_RANGE_LOOP_ANALYSIS = YES;
				CLANG_WARN_STRICT_PROTOTYPES = YES;
				CLANG_WARN_SUSPICIOUS_MOVE = YES;
				CLANG_WARN_UNGUARDED_AVAILABILITY = YES_AGGRESSIVE;
				CLANG_WARN_UNREACHABLE_CODE = YES;
				CLANG_WARN__DUPLICATE_METHOD_MATCH = YES;
				COPY_PHASE_STRIP = NO;
				DEBUG_INFORMATION_FORMAT = "dwarf-with-dsym";
				ENABLE_NS_ASSERTIONS = NO;
				ENABLE_STRICT_OBJC_MSGSEND = YES;
				GCC_C_LANGUAGE_STANDARD = gnu11;
				GCC_NO_COMMON_BLOCKS = YES;
				GCC_WARN_64_TO_32_BIT_CONVERSION = YES;
				GCC_WARN_ABOUT_RETURN_TYPE = YES_ERROR;
				GCC_WARN_UNDECLARED_SELECTOR = YES;
				GCC_WARN_UNINITIALIZED_AUTOS = YES_AGGRESSIVE;
				GCC_WARN_UNUSED_FUNCTION = YES;
				GCC_WARN_UNUSED_VARIABLE = YES;
				MACOSX_DEPLOYMENT_TARGET = 11.3;
				MTL_ENABLE_DEBUG_INFO = NO;
				MTL_FAST_MATH = YES;
				SDKROOT = macosx;
				SWIFT_COMPILATION_MODE = wholemodule;
				SWIFT_OPTIMIZATION_LEVEL = "-O";
			};
			name = Release;
		};
		CD35E42D2807FC5800B3BE27 /* Debug */ = {
			isa = XCBuildConfiguration;
			buildSettings = {
				ALWAYS_EMBED_SWIFT_STANDARD_LIBRARIES = YES;
				ASSETCATALOG_COMPILER_APPICON_NAME = AppIcon;
				ASSETCATALOG_COMPILER_GLOBAL_ACCENT_COLOR_NAME = AccentColor;
				CODE_SIGN_ENTITLEMENTS = "XTExtension-swift/XTExtension_swift.entitlements";
				CODE_SIGN_STYLE = Automatic;
				COMBINE_HIDPI_IMAGES = YES;
				DEVELOPMENT_TEAM = C4RJDT5BP6;
				ENABLE_HARDENED_RUNTIME = YES;
				INFOPLIST_FILE = "XTExtension-swift/Info.plist";
				LD_RUNPATH_SEARCH_PATHS = (
					"$(inherited)",
					"@executable_path/../Frameworks",
				);
				PRODUCT_BUNDLE_IDENTIFIER = "Big-Nerd-Ranch.XTExtension-swift";
				PRODUCT_NAME = "$(TARGET_NAME)";
				SWIFT_VERSION = 5.0;
			};
			name = Debug;
		};
		CD35E42E2807FC5800B3BE27 /* Release */ = {
			isa = XCBuildConfiguration;
			buildSettings = {
				ALWAYS_EMBED_SWIFT_STANDARD_LIBRARIES = YES;
				ASSETCATALOG_COMPILER_APPICON_NAME = AppIcon;
				ASSETCATALOG_COMPILER_GLOBAL_ACCENT_COLOR_NAME = AccentColor;
				CODE_SIGN_ENTITLEMENTS = "XTExtension-swift/XTExtension_swift.entitlements";
				CODE_SIGN_STYLE = Automatic;
				COMBINE_HIDPI_IMAGES = YES;
				DEVELOPMENT_TEAM = C4RJDT5BP6;
				ENABLE_HARDENED_RUNTIME = YES;
				INFOPLIST_FILE = "XTExtension-swift/Info.plist";
				LD_RUNPATH_SEARCH_PATHS = (
					"$(inherited)",
					"@executable_path/../Frameworks",
				);
				PRODUCT_BUNDLE_IDENTIFIER = "Big-Nerd-Ranch.XTExtension-swift";
				PRODUCT_NAME = "$(TARGET_NAME)";
				SWIFT_VERSION = 5.0;
			};
			name = Release;
		};
		CD35E4302807FC5800B3BE27 /* Debug */ = {
			isa = XCBuildConfiguration;
			buildSettings = {
				ALWAYS_EMBED_SWIFT_STANDARD_LIBRARIES = YES;
				BUNDLE_LOADER = "$(TEST_HOST)";
				CODE_SIGN_STYLE = Automatic;
				COMBINE_HIDPI_IMAGES = YES;
				DEVELOPMENT_TEAM = C4RJDT5BP6;
				INFOPLIST_FILE = "XTExtension-swiftTests/Info.plist";
				LD_RUNPATH_SEARCH_PATHS = (
					"$(inherited)",
					"@executable_path/../Frameworks",
					"@loader_path/../Frameworks",
				);
				MACOSX_DEPLOYMENT_TARGET = 11.3;
				PRODUCT_BUNDLE_IDENTIFIER = "Big-Nerd-Ranch.XTExtension-swiftTests";
				PRODUCT_NAME = "$(TARGET_NAME)";
				SWIFT_VERSION = 5.0;
				TEST_HOST = "$(BUILT_PRODUCTS_DIR)/XTExtension-swift.app/Contents/MacOS/XTExtension-swift";
			};
			name = Debug;
		};
		CD35E4312807FC5800B3BE27 /* Release */ = {
			isa = XCBuildConfiguration;
			buildSettings = {
				ALWAYS_EMBED_SWIFT_STANDARD_LIBRARIES = YES;
				BUNDLE_LOADER = "$(TEST_HOST)";
				CODE_SIGN_STYLE = Automatic;
				COMBINE_HIDPI_IMAGES = YES;
				DEVELOPMENT_TEAM = C4RJDT5BP6;
				INFOPLIST_FILE = "XTExtension-swiftTests/Info.plist";
				LD_RUNPATH_SEARCH_PATHS = (
					"$(inherited)",
					"@executable_path/../Frameworks",
					"@loader_path/../Frameworks",
				);
				MACOSX_DEPLOYMENT_TARGET = 11.3;
				PRODUCT_BUNDLE_IDENTIFIER = "Big-Nerd-Ranch.XTExtension-swiftTests";
				PRODUCT_NAME = "$(TARGET_NAME)";
				SWIFT_VERSION = 5.0;
				TEST_HOST = "$(BUILT_PRODUCTS_DIR)/XTExtension-swift.app/Contents/MacOS/XTExtension-swift";
			};
			name = Release;
		};
		CD35E4332807FC5800B3BE27 /* Debug */ = {
			isa = XCBuildConfiguration;
			buildSettings = {
				ALWAYS_EMBED_SWIFT_STANDARD_LIBRARIES = YES;
				CODE_SIGN_STYLE = Automatic;
				COMBINE_HIDPI_IMAGES = YES;
				DEVELOPMENT_TEAM = C4RJDT5BP6;
				INFOPLIST_FILE = "XTExtension-swiftUITests/Info.plist";
				LD_RUNPATH_SEARCH_PATHS = (
					"$(inherited)",
					"@executable_path/../Frameworks",
					"@loader_path/../Frameworks",
				);
				PRODUCT_BUNDLE_IDENTIFIER = "Big-Nerd-Ranch.XTExtension-swiftUITests";
				PRODUCT_NAME = "$(TARGET_NAME)";
				SWIFT_VERSION = 5.0;
				TEST_TARGET_NAME = "XTExtension-swift";
			};
			name = Debug;
		};
		CD35E4342807FC5800B3BE27 /* Release */ = {
			isa = XCBuildConfiguration;
			buildSettings = {
				ALWAYS_EMBED_SWIFT_STANDARD_LIBRARIES = YES;
				CODE_SIGN_STYLE = Automatic;
				COMBINE_HIDPI_IMAGES = YES;
				DEVELOPMENT_TEAM = C4RJDT5BP6;
				INFOPLIST_FILE = "XTExtension-swiftUITests/Info.plist";
				LD_RUNPATH_SEARCH_PATHS = (
					"$(inherited)",
					"@executable_path/../Frameworks",
					"@loader_path/../Frameworks",
				);
				PRODUCT_BUNDLE_IDENTIFIER = "Big-Nerd-Ranch.XTExtension-swiftUITests";
				PRODUCT_NAME = "$(TARGET_NAME)";
				SWIFT_VERSION = 5.0;
				TEST_TARGET_NAME = "XTExtension-swift";
			};
			name = Release;
		};
		CD35E44A2807FC7700B3BE27 /* Debug */ = {
			isa = XCBuildConfiguration;
			buildSettings = {
				CODE_SIGN_ENTITLEMENTS = XTComment/XTComment.entitlements;
				CODE_SIGN_STYLE = Automatic;
				COMBINE_HIDPI_IMAGES = YES;
				DEVELOPMENT_TEAM = C4RJDT5BP6;
				ENABLE_HARDENED_RUNTIME = YES;
				INFOPLIST_FILE = XTComment/Info.plist;
				LD_RUNPATH_SEARCH_PATHS = (
					"$(inherited)",
					"@executable_path/../Frameworks",
					"@executable_path/../../../../Frameworks",
				);
				PRODUCT_BUNDLE_IDENTIFIER = "Big-Nerd-Ranch.XTExtension-swift.XTComment";
				PRODUCT_NAME = "$(TARGET_NAME)";
				SKIP_INSTALL = YES;
				SWIFT_VERSION = 5.0;
			};
			name = Debug;
		};
		CD35E44B2807FC7700B3BE27 /* Release */ = {
			isa = XCBuildConfiguration;
			buildSettings = {
				CODE_SIGN_ENTITLEMENTS = XTComment/XTComment.entitlements;
				CODE_SIGN_STYLE = Automatic;
				COMBINE_HIDPI_IMAGES = YES;
				DEVELOPMENT_TEAM = C4RJDT5BP6;
				ENABLE_HARDENED_RUNTIME = YES;
				INFOPLIST_FILE = XTComment/Info.plist;
				LD_RUNPATH_SEARCH_PATHS = (
					"$(inherited)",
					"@executable_path/../Frameworks",
					"@executable_path/../../../../Frameworks",
				);
				PRODUCT_BUNDLE_IDENTIFIER = "Big-Nerd-Ranch.XTExtension-swift.XTComment";
				PRODUCT_NAME = "$(TARGET_NAME)";
				SKIP_INSTALL = YES;
				SWIFT_VERSION = 5.0;
			};
			name = Release;
		};
/* End XCBuildConfiguration section */

/* Begin XCConfigurationList section */
		CD35E4032807FC5700B3BE27 /* Build configuration list for PBXProject "XTExtension-swift" */ = {
			isa = XCConfigurationList;
			buildConfigurations = (
				CD35E42A2807FC5800B3BE27 /* Debug */,
				CD35E42B2807FC5800B3BE27 /* Release */,
			);
			defaultConfigurationIsVisible = 0;
			defaultConfigurationName = Release;
		};
		CD35E42C2807FC5800B3BE27 /* Build configuration list for PBXNativeTarget "XTExtension-swift" */ = {
			isa = XCConfigurationList;
			buildConfigurations = (
				CD35E42D2807FC5800B3BE27 /* Debug */,
				CD35E42E2807FC5800B3BE27 /* Release */,
			);
			defaultConfigurationIsVisible = 0;
			defaultConfigurationName = Release;
		};
		CD35E42F2807FC5800B3BE27 /* Build configuration list for PBXNativeTarget "XTExtension-swiftTests" */ = {
			isa = XCConfigurationList;
			buildConfigurations = (
				CD35E4302807FC5800B3BE27 /* Debug */,
				CD35E4312807FC5800B3BE27 /* Release */,
			);
			defaultConfigurationIsVisible = 0;
			defaultConfigurationName = Release;
		};
		CD35E4322807FC5800B3BE27 /* Build configuration list for PBXNativeTarget "XTExtension-swiftUITests" */ = {
			isa = XCConfigurationList;
			buildConfigurations = (
				CD35E4332807FC5800B3BE27 /* Debug */,
				CD35E4342807FC5800B3BE27 /* Release */,
			);
			defaultConfigurationIsVisible = 0;
			defaultConfigurationName = Release;
		};
		CD35E4492807FC7700B3BE27 /* Build configuration list for PBXNativeTarget "XTComment" */ = {
			isa = XCConfigurationList;
			buildConfigurations = (
				CD35E44A2807FC7700B3BE27 /* Debug */,
				CD35E44B2807FC7700B3BE27 /* Release */,
			);
			defaultConfigurationIsVisible = 0;
			defaultConfigurationName = Release;
		};
/* End XCConfigurationList section */
	};
	rootObject = CD35E4002807FC5700B3BE27 /* Project object */;
}
